// !$*UTF8*$!
{
	archiveVersion = 1;
	classes = {
	};
	objectVersion = 50;
	objects = {

/* Begin PBXBuildFile section */
		1A0F4EDF25F0832300D498EB /* MemorizeApp.swift in Sources */ = {isa = PBXBuildFile; fileRef = 1A0F4EDE25F0832300D498EB /* MemorizeApp.swift */; };
		1A0F4EE125F0832300D498EB /* ContentView.swift in Sources */ = {isa = PBXBuildFile; fileRef = 1A0F4EE025F0832300D498EB /* ContentView.swift */; };
		1A0F4EE325F0833E00D498EB /* Assets.xcassets in Resources */ = {isa = PBXBuildFile; fileRef = 1A0F4EE225F0833E00D498EB /* Assets.xcassets */; };
		1A0F4EE625F0833E00D498EB /* Preview Assets.xcassets in Resources */ = {isa = PBXBuildFile; fileRef = 1A0F4EE525F0833E00D498EB /* Preview Assets.xcassets */; };
		1A1D765C25F089DA0015CD78 /* MemoryGame.swift in Sources */ = {isa = PBXBuildFile; fileRef = 1A1D765B25F089DA0015CD78 /* MemoryGame.swift */; };
		1A2AD47E25F5476700C57F5D /* Grid.swift in Sources */ = {isa = PBXBuildFile; fileRef = 1A2AD47D25F5476700C57F5D /* Grid.swift */; };
		1A2AD48125F558DE00C57F5D /* GridLayout.swift in Sources */ = {isa = PBXBuildFile; fileRef = 1A2AD48025F558DD00C57F5D /* GridLayout.swift */; };
		1A2AD48425F5608D00C57F5D /* Array+Identifiable.swift in Sources */ = {isa = PBXBuildFile; fileRef = 1A2AD48325F5608D00C57F5D /* Array+Identifiable.swift */; };
		1A2AD48725F570D700C57F5D /* Array+Only.swift in Sources */ = {isa = PBXBuildFile; fileRef = 1A2AD48625F570D700C57F5D /* Array+Only.swift */; };
		1ABBE83025F9B87400CDAC22 /* Pie.swift in Sources */ = {isa = PBXBuildFile; fileRef = 1ABBE82F25F9B87400CDAC22 /* Pie.swift */; };
		1ABBE83425F9C85D00CDAC22 /* Cardify.swift in Sources */ = {isa = PBXBuildFile; fileRef = 1ABBE83325F9C85D00CDAC22 /* Cardify.swift */; };
		1AF2C54725F08CA200590F0A /* EmojiMemoryGameView.swift in Sources */ = {isa = PBXBuildFile; fileRef = 1AF2C54625F08CA100590F0A /* EmojiMemoryGameView.swift */; };
/* End PBXBuildFile section */

/* Begin PBXFileReference section */
		1A0F4EDB25F0832300D498EB /* Memorize.app */ = {isa = PBXFileReference; explicitFileType = wrapper.application; includeInIndex = 0; path = Memorize.app; sourceTree = BUILT_PRODUCTS_DIR; };
		1A0F4EDE25F0832300D498EB /* MemorizeApp.swift */ = {isa = PBXFileReference; lastKnownFileType = sourcecode.swift; path = MemorizeApp.swift; sourceTree = "<group>"; };
		1A0F4EE025F0832300D498EB /* ContentView.swift */ = {isa = PBXFileReference; lastKnownFileType = sourcecode.swift; path = ContentView.swift; sourceTree = "<group>"; };
		1A0F4EE225F0833E00D498EB /* Assets.xcassets */ = {isa = PBXFileReference; lastKnownFileType = folder.assetcatalog; path = Assets.xcassets; sourceTree = "<group>"; };
		1A0F4EE525F0833E00D498EB /* Preview Assets.xcassets */ = {isa = PBXFileReference; lastKnownFileType = folder.assetcatalog; path = "Preview Assets.xcassets"; sourceTree = "<group>"; };
		1A0F4EE725F0833E00D498EB /* Info.plist */ = {isa = PBXFileReference; lastKnownFileType = text.plist.xml; path = Info.plist; sourceTree = "<group>"; };
		1A1D765B25F089DA0015CD78 /* MemoryGame.swift */ = {isa = PBXFileReference; lastKnownFileType = sourcecode.swift; path = MemoryGame.swift; sourceTree = "<group>"; };
		1A2AD47D25F5476700C57F5D /* Grid.swift */ = {isa = PBXFileReference; lastKnownFileType = sourcecode.swift; path = Grid.swift; sourceTree = "<group>"; };
		1A2AD48025F558DD00C57F5D /* GridLayout.swift */ = {isa = PBXFileReference; fileEncoding = 4; lastKnownFileType = sourcecode.swift; path = GridLayout.swift; sourceTree = "<group>"; };
		1A2AD48325F5608D00C57F5D /* Array+Identifiable.swift */ = {isa = PBXFileReference; lastKnownFileType = sourcecode.swift; path = "Array+Identifiable.swift"; sourceTree = "<group>"; };
		1A2AD48625F570D700C57F5D /* Array+Only.swift */ = {isa = PBXFileReference; fileEncoding = 4; lastKnownFileType = sourcecode.swift; path = "Array+Only.swift"; sourceTree = "<group>"; };
		1ABBE82F25F9B87400CDAC22 /* Pie.swift */ = {isa = PBXFileReference; fileEncoding = 4; lastKnownFileType = sourcecode.swift; path = Pie.swift; sourceTree = "<group>"; };
		1ABBE83325F9C85D00CDAC22 /* Cardify.swift */ = {isa = PBXFileReference; fileEncoding = 4; lastKnownFileType = sourcecode.swift; path = Cardify.swift; sourceTree = "<group>"; };
		1AF2C54625F08CA100590F0A /* EmojiMemoryGameView.swift */ = {isa = PBXFileReference; lastKnownFileType = sourcecode.swift; path = EmojiMemoryGameView.swift; sourceTree = "<group>"; };
/* End PBXFileReference section */

/* Begin PBXFrameworksBuildPhase section */
		1A0F4ED825F0832300D498EB /* Frameworks */ = {
			isa = PBXFrameworksBuildPhase;
			buildActionMask = 2147483647;
			files = (
			);
			runOnlyForDeploymentPostprocessing = 0;
		};
/* End PBXFrameworksBuildPhase section */

/* Begin PBXGroup section */
		1A0F4ED225F0832300D498EB = {
			isa = PBXGroup;
			children = (
				1A0F4EDD25F0832300D498EB /* Memorize */,
				1A0F4EDC25F0832300D498EB /* Products */,
			);
			sourceTree = "<group>";
		};
		1A0F4EDC25F0832300D498EB /* Products */ = {
			isa = PBXGroup;
			children = (
				1A0F4EDB25F0832300D498EB /* Memorize.app */,
			);
			name = Products;
			sourceTree = "<group>";
		};
		1A0F4EDD25F0832300D498EB /* Memorize */ = {
			isa = PBXGroup;
			children = (
				1A0F4EDE25F0832300D498EB /* MemorizeApp.swift */,
				1A0F4EE025F0832300D498EB /* ContentView.swift */,
				1A1D765B25F089DA0015CD78 /* MemoryGame.swift */,
				1AF2C54625F08CA100590F0A /* EmojiMemoryGameView.swift */,
				1A2AD47D25F5476700C57F5D /* Grid.swift */,
				1A2AD48025F558DD00C57F5D /* GridLayout.swift */,
				1A2AD48325F5608D00C57F5D /* Array+Identifiable.swift */,
				1A2AD48625F570D700C57F5D /* Array+Only.swift */,
				1ABBE82F25F9B87400CDAC22 /* Pie.swift */,
				1ABBE83325F9C85D00CDAC22 /* Cardify.swift */,
				1A0F4EE225F0833E00D498EB /* Assets.xcassets */,
				1A0F4EE725F0833E00D498EB /* Info.plist */,
				1A0F4EE425F0833E00D498EB /* Preview Content */,
			);
			path = Memorize;
			sourceTree = "<group>";
		};
		1A0F4EE425F0833E00D498EB /* Preview Content */ = {
			isa = PBXGroup;
			children = (
				1A0F4EE525F0833E00D498EB /* Preview Assets.xcassets */,
			);
			path = "Preview Content";
			sourceTree = "<group>";
		};
/* End PBXGroup section */

/* Begin PBXNativeTarget section */
		1A0F4EDA25F0832300D498EB /* Memorize */ = {
			isa = PBXNativeTarget;
			buildConfigurationList = 1A0F4EEA25F0833E00D498EB /* Build configuration list for PBXNativeTarget "Memorize" */;
			buildPhases = (
				1A0F4ED725F0832300D498EB /* Sources */,
				1A0F4ED825F0832300D498EB /* Frameworks */,
				1A0F4ED925F0832300D498EB /* Resources */,
			);
			buildRules = (
			);
			dependencies = (
			);
			name = Memorize;
			productName = Memorize;
			productReference = 1A0F4EDB25F0832300D498EB /* Memorize.app */;
			productType = "com.apple.product-type.application";
		};
/* End PBXNativeTarget section */

/* Begin PBXProject section */
		1A0F4ED325F0832300D498EB /* Project object */ = {
			isa = PBXProject;
			attributes = {
				LastSwiftUpdateCheck = 1240;
				LastUpgradeCheck = 1240;
				TargetAttributes = {
					1A0F4EDA25F0832300D498EB = {
						CreatedOnToolsVersion = 12.4;
					};
				};
			};
			buildConfigurationList = 1A0F4ED625F0832300D498EB /* Build configuration list for PBXProject "Memorize" */;
			compatibilityVersion = "Xcode 9.3";
			developmentRegion = en;
			hasScannedForEncodings = 0;
			knownRegions = (
				en,
				Base,
			);
			mainGroup = 1A0F4ED225F0832300D498EB;
			productRefGroup = 1A0F4EDC25F0832300D498EB /* Products */;
			projectDirPath = "";
			projectRoot = "";
			targets = (
				1A0F4EDA25F0832300D498EB /* Memorize */,
			);
		};
/* End PBXProject section */

/* Begin PBXResourcesBuildPhase section */
		1A0F4ED925F0832300D498EB /* Resources */ = {
			isa = PBXResourcesBuildPhase;
			buildActionMask = 2147483647;
			files = (
				1A0F4EE625F0833E00D498EB /* Preview Assets.xcassets in Resources */,
				1A0F4EE325F0833E00D498EB /* Assets.xcassets in Resources */,
			);
			runOnlyForDeploymentPostprocessing = 0;
		};
/* End PBXResourcesBuildPhase section */

/* Begin PBXSourcesBuildPhase section */
		1A0F4ED725F0832300D498EB /* Sources */ = {
			isa = PBXSourcesBuildPhase;
			buildActionMask = 2147483647;
			files = (
				1A0F4EE125F0832300D498EB /* ContentView.swift in Sources */,
				1A0F4EDF25F0832300D498EB /* MemorizeApp.swift in Sources */,
				1A1D765C25F089DA0015CD78 /* MemoryGame.swift in Sources */,
				1ABBE83025F9B87400CDAC22 /* Pie.swift in Sources */,
				1A2AD48125F558DE00C57F5D /* GridLayout.swift in Sources */,
				1A2AD47E25F5476700C57F5D /* Grid.swift in Sources */,
				1A2AD48425F5608D00C57F5D /* Array+Identifiable.swift in Sources */,
				1AF2C54725F08CA200590F0A /* EmojiMemoryGameView.swift in Sources */,
				1ABBE83425F9C85D00CDAC22 /* Cardify.swift in Sources */,
				1A2AD48725F570D700C57F5D /* Array+Only.swift in Sources */,
			);
			runOnlyForDeploymentPostprocessing = 0;
		};
/* End PBXSourcesBuildPhase section */

/* Begin XCBuildConfiguration section */
		1A0F4EE825F0833E00D498EB /* Debug */ = {
			isa = XCBuildConfiguration;
			buildSettings = {
				ALWAYS_SEARCH_USER_PATHS = NO;
				CLANG_ANALYZER_NONNULL = YES;
				CLANG_ANALYZER_NUMBER_OBJECT_CONVERSION = YES_AGGRESSIVE;
				CLANG_CXX_LANGUAGE_STANDARD = "gnu++14";
				CLANG_CXX_LIBRARY = "libc++";
				CLANG_ENABLE_MODULES = YES;
				CLANG_ENABLE_OBJC_ARC = YES;
				CLANG_ENABLE_OBJC_WEAK = YES;
				CLANG_WARN_BLOCK_CAPTURE_AUTORELEASING = YES;
				CLANG_WARN_BOOL_CONVERSION = YES;
				CLANG_WARN_COMMA = YES;
				CLANG_WARN_CONSTANT_CONVERSION = YES;
				CLANG_WARN_DEPRECATED_OBJC_IMPLEMENTATIONS = YES;
				CLANG_WARN_DIRECT_OBJC_ISA_USAGE = YES_ERROR;
				CLANG_WARN_DOCUMENTATION_COMMENTS = YES;
				CLANG_WARN_EMPTY_BODY = YES;
				CLANG_WARN_ENUM_CONVERSION = YES;
				CLANG_WARN_INFINITE_RECURSION = YES;
				CLANG_WARN_INT_CONVERSION = YES;
				CLANG_WARN_NON_LITERAL_NULL_CONVERSION = YES;
				CLANG_WARN_OBJC_IMPLICIT_RETAIN_SELF = YES;
				CLANG_WARN_OBJC_LITERAL_CONVERSION = YES;
				CLANG_WARN_OBJC_ROOT_CLASS = YES_ERROR;
				CLANG_WARN_QUOTED_INCLUDE_IN_FRAMEWORK_HEADER = YES;
				CLANG_WARN_RANGE_LOOP_ANALYSIS = YES;
				CLANG_WARN_STRICT_PROTOTYPES = YES;
				CLANG_WARN_SUSPICIOUS_MOVE = YES;
				CLANG_WARN_UNGUARDED_AVAILABILITY = YES_AGGRESSIVE;
				CLANG_WARN_UNREACHABLE_CODE = YES;
				CLANG_WARN__DUPLICATE_METHOD_MATCH = YES;
				COPY_PHASE_STRIP = NO;
				DEBUG_INFORMATION_FORMAT = dwarf;
				ENABLE_STRICT_OBJC_MSGSEND = YES;
				ENABLE_TESTABILITY = YES;
				GCC_C_LANGUAGE_STANDARD = gnu11;
				GCC_DYNAMIC_NO_PIC = NO;
				GCC_NO_COMMON_BLOCKS = YES;
				GCC_OPTIMIZATION_LEVEL = 0;
				GCC_PREPROCESSOR_DEFINITIONS = (
					"DEBUG=1",
					"$(inherited)",
				);
				GCC_WARN_64_TO_32_BIT_CONVERSION = YES;
				GCC_WARN_ABOUT_RETURN_TYPE = YES_ERROR;
				GCC_WARN_UNDECLARED_SELECTOR = YES;
				GCC_WARN_UNINITIALIZED_AUTOS = YES_AGGRESSIVE;
				GCC_WARN_UNUSED_FUNCTION = YES;
				GCC_WARN_UNUSED_VARIABLE = YES;
				IPHONEOS_DEPLOYMENT_TARGET = 14.4;
				MTL_ENABLE_DEBUG_INFO = INCLUDE_SOURCE;
				MTL_FAST_MATH = YES;
				ONLY_ACTIVE_ARCH = YES;
				SDKROOT = iphoneos;
				SWIFT_ACTIVE_COMPILATION_CONDITIONS = DEBUG;
				SWIFT_OPTIMIZATION_LEVEL = "-Onone";
			};
			name = Debug;
		};
		1A0F4EE925F0833E00D498EB /* Release */ = {
			isa = XCBuildConfiguration;
			buildSettings = {
				ALWAYS_SEARCH_USER_PATHS = NO;
				CLANG_ANALYZER_NONNULL = YES;
				CLANG_ANALYZER_NUMBER_OBJECT_CONVERSION = YES_AGGRESSIVE;
				CLANG_CXX_LANGUAGE_STANDARD = "gnu++14";
				CLANG_CXX_LIBRARY = "libc++";
				CLANG_ENABLE_MODULES = YES;
				CLANG_ENABLE_OBJC_ARC = YES;
				CLANG_ENABLE_OBJC_WEAK = YES;
				CLANG_WARN_BLOCK_CAPTURE_AUTORELEASING = YES;
				CLANG_WARN_BOOL_CONVERSION = YES;
				CLANG_WARN_COMMA = YES;
				CLANG_WARN_CONSTANT_CONVERSION = YES;
				CLANG_WARN_DEPRECATED_OBJC_IMPLEMENTATIONS = YES;
				CLANG_WARN_DIRECT_OBJC_ISA_USAGE = YES_ERROR;
				CLANG_WARN_DOCUMENTATION_COMMENTS = YES;
				CLANG_WARN_EMPTY_BODY = YES;
				CLANG_WARN_ENUM_CONVERSION = YES;
				CLANG_WARN_INFINITE_RECURSION = YES;
				CLANG_WARN_INT_CONVERSION = YES;
				CLANG_WARN_NON_LITERAL_NULL_CONVERSION = YES;
				CLANG_WARN_OBJC_IMPLICIT_RETAIN_SELF = YES;
				CLANG_WARN_OBJC_LITERAL_CONVERSION = YES;
				CLANG_WARN_OBJC_ROOT_CLASS = YES_ERROR;
				CLANG_WARN_QUOTED_INCLUDE_IN_FRAMEWORK_HEADER = YES;
				CLANG_WARN_RANGE_LOOP_ANALYSIS = YES;
				CLANG_WARN_STRICT_PROTOTYPES = YES;
				CLANG_WARN_SUSPICIOUS_MOVE = YES;
				CLANG_WARN_UNGUARDED_AVAILABILITY = YES_AGGRESSIVE;
				CLANG_WARN_UNREACHABLE_CODE = YES;
				CLANG_WARN__DUPLICATE_METHOD_MATCH = YES;
				COPY_PHASE_STRIP = NO;
				DEBUG_INFORMATION_FORMAT = "dwarf-with-dsym";
				ENABLE_NS_ASSERTIONS = NO;
				ENABLE_STRICT_OBJC_MSGSEND = YES;
				GCC_C_LANGUAGE_STANDARD = gnu11;
				GCC_NO_COMMON_BLOCKS = YES;
				GCC_WARN_64_TO_32_BIT_CONVERSION = YES;
				GCC_WARN_ABOUT_RETURN_TYPE = YES_ERROR;
				GCC_WARN_UNDECLARED_SELECTOR = YES;
				GCC_WARN_UNINITIALIZED_AUTOS = YES_AGGRESSIVE;
				GCC_WARN_UNUSED_FUNCTION = YES;
				GCC_WARN_UNUSED_VARIABLE = YES;
				IPHONEOS_DEPLOYMENT_TARGET = 14.4;
				MTL_ENABLE_DEBUG_INFO = NO;
				MTL_FAST_MATH = YES;
				SDKROOT = iphoneos;
				SWIFT_COMPILATION_MODE = wholemodule;
				SWIFT_OPTIMIZATION_LEVEL = "-O";
				VALIDATE_PRODUCT = YES;
			};
			name = Release;
		};
		1A0F4EEB25F0833E00D498EB /* Debug */ = {
			isa = XCBuildConfiguration;
			buildSettings = {
				ASSETCATALOG_COMPILER_APPICON_NAME = AppIcon;
				ASSETCATALOG_COMPILER_GLOBAL_ACCENT_COLOR_NAME = AccentColor;
				CODE_SIGN_STYLE = Automatic;
				DEVELOPMENT_ASSET_PATHS = "\"Memorize/Preview Content\"";
				DEVELOPMENT_TEAM = 9BSKT95LPX;
				ENABLE_PREVIEWS = YES;
				INFOPLIST_FILE = Memorize/Info.plist;
				IPHONEOS_DEPLOYMENT_TARGET = 14.0;
				LD_RUNPATH_SEARCH_PATHS = (
					"$(inherited)",
					"@executable_path/Frameworks",
				);
				PRODUCT_BUNDLE_IDENTIFIER = br.com.arthdeveloper.Memorize;
				PRODUCT_NAME = "$(TARGET_NAME)";
				SWIFT_VERSION = 5.0;
				TARGETED_DEVICE_FAMILY = "1,2";
			};
			name = Debug;
		};
		1A0F4EEC25F0833E00D498EB /* Release */ = {
			isa = XCBuildConfiguration;
			buildSettings = {
				ASSETCATALOG_COMPILER_APPICON_NAME = AppIcon;
				ASSETCATALOG_COMPILER_GLOBAL_ACCENT_COLOR_NAME = AccentColor;
				CODE_SIGN_STYLE = Automatic;
				DEVELOPMENT_ASSET_PATHS = "\"Memorize/Preview Content\"";
				DEVELOPMENT_TEAM = 9BSKT95LPX;
				ENABLE_PREVIEWS = YES;
				INFOPLIST_FILE = Memorize/Info.plist;
				IPHONEOS_DEPLOYMENT_TARGET = 14.0;
				LD_RUNPATH_SEARCH_PATHS = (
					"$(inherited)",
					"@executable_path/Frameworks",
				);
				PRODUCT_BUNDLE_IDENTIFIER = br.com.arthdeveloper.Memorize;
				PRODUCT_NAME = "$(TARGET_NAME)";
				SWIFT_VERSION = 5.0;
				TARGETED_DEVICE_FAMILY = "1,2";
			};
			name = Release;
		};
/* End XCBuildConfiguration section */

/* Begin XCConfigurationList section */
		1A0F4ED625F0832300D498EB /* Build configuration list for PBXProject "Memorize" */ = {
			isa = XCConfigurationList;
			buildConfigurations = (
				1A0F4EE825F0833E00D498EB /* Debug */,
				1A0F4EE925F0833E00D498EB /* Release */,
			);
			defaultConfigurationIsVisible = 0;
			defaultConfigurationName = Release;
		};
		1A0F4EEA25F0833E00D498EB /* Build configuration list for PBXNativeTarget "Memorize" */ = {
			isa = XCConfigurationList;
			buildConfigurations = (
				1A0F4EEB25F0833E00D498EB /* Debug */,
				1A0F4EEC25F0833E00D498EB /* Release */,
			);
			defaultConfigurationIsVisible = 0;
			defaultConfigurationName = Release;
		};
/* End XCConfigurationList section */
	};
	rootObject = 1A0F4ED325F0832300D498EB /* Project object */;
}
